{
  "name": "@ctesi/component",
  "version": "1.0.0",
  "lockfileVersion": 1,
  "requires": true,
  "dependencies": {
    "vue-tsx-support": {
      "version": "3.2.0",
      "resolved": "http://nexus.wisdombimsite.com/repository/npm/vue-tsx-support/-/vue-tsx-support-3.2.0.tgz",
      "integrity": "sha512-Uc3i9deEvZeHKc43Lcsh1ihCWvG1yygFnbY1jMe49K+DWCmGgwYWUkD0mxdgPwAMc6gi23CRVkrJsvamfCvD7A==",
      "dev": true
    }
  }
}
